
Microsoft Visual Studio Solution File, Format Version 12.00
# Visual Studio Version 16
VisualStudioVersion = 16.0.29609.76
MinimumVisualStudioVersion = 10.0.40219.1
Project("{9A19103F-16F7-4668-BE54-9A1E7A4F7556}") = "test.API", "test\test.API.csproj", "{7F97D28C-8340-4215-9E72-867629F2404D}"
EndProject
Project("{FAE04EC0-301F-11D3-BF4B-00C04F79EFBC}") = "Model", "DATA\Model.csproj", "{C68161D1-DC13-4C05-9448-43C178B5AE99}"
EndProject
Project("{FAE04EC0-301F-11D3-BF4B-00C04F79EFBC}") = "Infrastructure", "Infrastructure\Infrastructure.csproj", "{59F43FAA-1588-452D-97ED-8E17AD2865CA}"
EndProject
Global
	GlobalSection(SolutionConfigurationPlatforms) = preSolution
		Debug|Any CPU = Debug|Any CPU
		Release|Any CPU = Release|Any CPU
	EndGlobalSection
	GlobalSection(ProjectConfigurationPlatforms) = postSolution
		{7F97D28C-8340-4215-9E72-867629F2404D}.Debug|Any CPU.ActiveCfg = Debug|Any CPU
		{7F97D28C-8340-4215-9E72-867629F2404D}.Debug|Any CPU.Build.0 = Debug|Any CPU
		{7F97D28C-8340-4215-9E72-867629F2404D}.Release|Any CPU.ActiveCfg = Release|Any CPU
		{7F97D28C-8340-4215-9E72-867629F2404D}.Release|Any CPU.Build.0 = Release|Any CPU
		{C68161D1-DC13-4C05-9448-43C178B5AE99}.Debug|Any CPU.ActiveCfg = Debug|Any CPU
		{C68161D1-DC13-4C05-9448-43C178B5AE99}.Debug|Any CPU.Build.0 = Debug|Any CPU
		{C68161D1-DC13-4C05-9448-43C178B5AE99}.Release|Any CPU.ActiveCfg = Release|Any CPU
		{C68161D1-DC13-4C05-9448-43C178B5AE99}.Release|Any CPU.Build.0 = Release|Any CPU
		{59F43FAA-1588-452D-97ED-8E17AD2865CA}.Debug|Any CPU.ActiveCfg = Debug|Any CPU
		{59F43FAA-1588-452D-97ED-8E17AD2865CA}.Debug|Any CPU.Build.0 = Debug|Any CPU
		{59F43FAA-1588-452D-97ED-8E17AD2865CA}.Release|Any CPU.ActiveCfg = Release|Any CPU
		{59F43FAA-1588-452D-97ED-8E17AD2865CA}.Release|Any CPU.Build.0 = Release|Any CPU
	EndGlobalSection
	GlobalSection(SolutionProperties) = preSolution
		HideSolutionNode = FALSE
	EndGlobalSection
	GlobalSection(ExtensibilityGlobals) = postSolution
		SolutionGuid = {F323084B-8245-4E6B-AA80-468D36F826B8}
	EndGlobalSection
EndGlobal
